
Microsoft Visual Studio Solution File, Format Version 12.00
# Visual Studio Version 17
VisualStudioVersion = 17.4.33213.308
MinimumVisualStudioVersion = 10.0.40219.1
Project("{2150E333-8FDC-42A3-9474-1A3956D46DE8}") = "Client", "Client", "{0C9F2C6C-BE29-4463-90EB-AF70A0206F0B}"
EndProject
Project("{2150E333-8FDC-42A3-9474-1A3956D46DE8}") = "Server", "Server", "{E2D707E4-685F-4384-8DFE-64559D3E8664}"
EndProject
Project("{2150E333-8FDC-42A3-9474-1A3956D46DE8}") = "Start", "Start", "{FF98BC89-B46B-48D0-B83C-38676F944D77}"
EndProject
Project("{2150E333-8FDC-42A3-9474-1A3956D46DE8}") = "Service", "Service", "{E09DD31B-E4C9-4348-80CD-FA0A196E107F}"
EndProject
Project("{2150E333-8FDC-42A3-9474-1A3956D46DE8}") = "DAL", "DAL", "{E3B58408-F56B-4A74-A172-B1C4D84E571E}"
EndProject
Project("{2150E333-8FDC-42A3-9474-1A3956D46DE8}") = "Common", "Common", "{DBAF7720-68EF-484E-A2BF-5EE2334C8EAD}"
EndProject
Project("{9A19103F-16F7-4668-BE54-9A1E7A4F7556}") = "Server.Start", "Server\Server.Start\Server.Start.csproj", "{C6D9735F-031E-4413-BFA2-2486CCB94CED}"
EndProject
Project("{9A19103F-16F7-4668-BE54-9A1E7A4F7556}") = "Server.EFCore", "Server\Server.EFCore\Server.EFCore.csproj", "{1F4640B0-904E-4BB5-AFAE-A56606E38DE4}"
EndProject
Project("{9A19103F-16F7-4668-BE54-9A1E7A4F7556}") = "Server.Models", "Server\Server.Models\Server.Models.csproj", "{99D2766D-CF39-49A4-BEB9-CFA8387B74BC}"
EndProject
Project("{9A19103F-16F7-4668-BE54-9A1E7A4F7556}") = "Server.IEFCoreContext", "Server\Server.IEFCoreContext\Server.IEFCoreContext.csproj", "{E8041BB3-829F-4B09-B2C7-80829256CEBE}"
EndProject
Project("{9A19103F-16F7-4668-BE54-9A1E7A4F7556}") = "Server.EFCoreContext", "Server\Server.EFCoreContext\Server.EFCoreContext.csproj", "{EBF007F8-5D22-40DB-A41A-AC45C9ABDA89}"
EndProject
Project("{9A19103F-16F7-4668-BE54-9A1E7A4F7556}") = "Server.IConfigSetting", "Server\Server.IConfigSetting\Server.IConfigSetting.csproj", "{398BDC65-DBFD-4733-A18F-F6DFD3130227}"
EndProject
Project("{9A19103F-16F7-4668-BE54-9A1E7A4F7556}") = "Server.ConfigSetting", "Server\Server.ConfigSetting\Server.ConfigSetting.csproj", "{0C7A1CA4-51BC-4E10-955C-9662ECEF07C5}"
EndProject
Project("{9A19103F-16F7-4668-BE54-9A1E7A4F7556}") = "Server.IService", "Server\Server.IService\Server.IService.csproj", "{7C816222-E116-4371-B89F-F5486442ADB5}"
EndProject
Project("{9A19103F-16F7-4668-BE54-9A1E7A4F7556}") = "Server.Service", "Server\Server.Service\Server.Service.csproj", "{103625FA-6572-4319-872C-230AE49C7F21}"
EndProject
Project("{2150E333-8FDC-42A3-9474-1A3956D46DE8}") = "Start", "Start", "{926A9D66-0AC4-4DEF-8AAF-CC6578855C7F}"
EndProject
Project("{2150E333-8FDC-42A3-9474-1A3956D46DE8}") = "DAL", "DAL", "{66623897-E827-4301-BABA-334EAC7F6BB7}"
EndProject
Project("{2150E333-8FDC-42A3-9474-1A3956D46DE8}") = "BLL", "BLL", "{5AFD32E6-CDEF-41F4-AE82-4A02FFCF5D68}"
EndProject
Project("{2150E333-8FDC-42A3-9474-1A3956D46DE8}") = "Entity", "Entity", "{F0D7E560-F544-4837-9EFF-11892E58EAD7}"
EndProject
Project("{2150E333-8FDC-42A3-9474-1A3956D46DE8}") = "Common", "Common", "{F05AD06D-42C5-4040-883F-187C728465BD}"
EndProject
Project("{9A19103F-16F7-4668-BE54-9A1E7A4F7556}") = "Client.Start", "Client\Client.Start\Client.Start.csproj", "{44F38132-B5DF-40E2-B2E9-78F0B3F9D9A9}"
EndProject
Project("{FAE04EC0-301F-11D3-BF4B-00C04F79EFBC}") = "Client.Common", "Client\Client.Common\Client.Common.csproj", "{ADB0A980-23EE-4B6D-8761-A161617BFBFD}"
EndProject
Project("{FAE04EC0-301F-11D3-BF4B-00C04F79EFBC}") = "Client.IDAL", "Client\Client.IDAL\Client.IDAL.csproj", "{ED31E429-7A66-49E3-9841-DF207F26BBEA}"
EndProject
Project("{FAE04EC0-301F-11D3-BF4B-00C04F79EFBC}") = "Client.DAL", "Client\Client.DAL\Client.DAL.csproj", "{C61C319F-03A4-4765-AD08-1CEC616EC6BE}"
EndProject
Project("{FAE04EC0-301F-11D3-BF4B-00C04F79EFBC}") = "Client.IBLL", "Client\Client.IBLL\Client.IBLL.csproj", "{24EE431A-15BC-4B55-B6FD-8D1054FAEE4E}"
EndProject
Project("{FAE04EC0-301F-11D3-BF4B-00C04F79EFBC}") = "Client.BLL", "Client\Client.BLL\Client.BLL.csproj", "{756F4547-C138-4956-94DA-173F5BD9CBDA}"
EndProject
Global
	GlobalSection(SolutionConfigurationPlatforms) = preSolution
		Debug|Any CPU = Debug|Any CPU
		Release|Any CPU = Release|Any CPU
	EndGlobalSection
	GlobalSection(ProjectConfigurationPlatforms) = postSolution
		{C6D9735F-031E-4413-BFA2-2486CCB94CED}.Debug|Any CPU.ActiveCfg = Debug|Any CPU
		{C6D9735F-031E-4413-BFA2-2486CCB94CED}.Debug|Any CPU.Build.0 = Debug|Any CPU
		{C6D9735F-031E-4413-BFA2-2486CCB94CED}.Release|Any CPU.ActiveCfg = Release|Any CPU
		{C6D9735F-031E-4413-BFA2-2486CCB94CED}.Release|Any CPU.Build.0 = Release|Any CPU
		{1F4640B0-904E-4BB5-AFAE-A56606E38DE4}.Debug|Any CPU.ActiveCfg = Debug|Any CPU
		{1F4640B0-904E-4BB5-AFAE-A56606E38DE4}.Debug|Any CPU.Build.0 = Debug|Any CPU
		{1F4640B0-904E-4BB5-AFAE-A56606E38DE4}.Release|Any CPU.ActiveCfg = Release|Any CPU
		{1F4640B0-904E-4BB5-AFAE-A56606E38DE4}.Release|Any CPU.Build.0 = Release|Any CPU
		{99D2766D-CF39-49A4-BEB9-CFA8387B74BC}.Debug|Any CPU.ActiveCfg = Debug|Any CPU
		{99D2766D-CF39-49A4-BEB9-CFA8387B74BC}.Debug|Any CPU.Build.0 = Debug|Any CPU
		{99D2766D-CF39-49A4-BEB9-CFA8387B74BC}.Release|Any CPU.ActiveCfg = Release|Any CPU
		{99D2766D-CF39-49A4-BEB9-CFA8387B74BC}.Release|Any CPU.Build.0 = Release|Any CPU
		{E8041BB3-829F-4B09-B2C7-80829256CEBE}.Debug|Any CPU.ActiveCfg = Debug|Any CPU
		{E8041BB3-829F-4B09-B2C7-80829256CEBE}.Debug|Any CPU.Build.0 = Debug|Any CPU
		{E8041BB3-829F-4B09-B2C7-80829256CEBE}.Release|Any CPU.ActiveCfg = Release|Any CPU
		{E8041BB3-829F-4B09-B2C7-80829256CEBE}.Release|Any CPU.Build.0 = Release|Any CPU
		{EBF007F8-5D22-40DB-A41A-AC45C9ABDA89}.Debug|Any CPU.ActiveCfg = Debug|Any CPU
		{EBF007F8-5D22-40DB-A41A-AC45C9ABDA89}.Debug|Any CPU.Build.0 = Debug|Any CPU
		{EBF007F8-5D22-40DB-A41A-AC45C9ABDA89}.Release|Any CPU.ActiveCfg = Release|Any CPU
		{EBF007F8-5D22-40DB-A41A-AC45C9ABDA89}.Release|Any CPU.Build.0 = Release|Any CPU
		{398BDC65-DBFD-4733-A18F-F6DFD3130227}.Debug|Any CPU.ActiveCfg = Debug|Any CPU
		{398BDC65-DBFD-4733-A18F-F6DFD3130227}.Debug|Any CPU.Build.0 = Debug|Any CPU
		{398BDC65-DBFD-4733-A18F-F6DFD3130227}.Release|Any CPU.ActiveCfg = Release|Any CPU
		{398BDC65-DBFD-4733-A18F-F6DFD3130227}.Release|Any CPU.Build.0 = Release|Any CPU
		{0C7A1CA4-51BC-4E10-955C-9662ECEF07C5}.Debug|Any CPU.ActiveCfg = Debug|Any CPU
		{0C7A1CA4-51BC-4E10-955C-9662ECEF07C5}.Debug|Any CPU.Build.0 = Debug|Any CPU
		{0C7A1CA4-51BC-4E10-955C-9662ECEF07C5}.Release|Any CPU.ActiveCfg = Release|Any CPU
		{0C7A1CA4-51BC-4E10-955C-9662ECEF07C5}.Release|Any CPU.Build.0 = Release|Any CPU
		{7C816222-E116-4371-B89F-F5486442ADB5}.Debug|Any CPU.ActiveCfg = Debug|Any CPU
		{7C816222-E116-4371-B89F-F5486442ADB5}.Debug|Any CPU.Build.0 = Debug|Any CPU
		{7C816222-E116-4371-B89F-F5486442ADB5}.Release|Any CPU.ActiveCfg = Release|Any CPU
		{7C816222-E116-4371-B89F-F5486442ADB5}.Release|Any CPU.Build.0 = Release|Any CPU
		{103625FA-6572-4319-872C-230AE49C7F21}.Debug|Any CPU.ActiveCfg = Debug|Any CPU
		{103625FA-6572-4319-872C-230AE49C7F21}.Debug|Any CPU.Build.0 = Debug|Any CPU
		{103625FA-6572-4319-872C-230AE49C7F21}.Release|Any CPU.ActiveCfg = Release|Any CPU
		{103625FA-6572-4319-872C-230AE49C7F21}.Release|Any CPU.Build.0 = Release|Any CPU
		{44F38132-B5DF-40E2-B2E9-78F0B3F9D9A9}.Debug|Any CPU.ActiveCfg = Debug|Any CPU
		{44F38132-B5DF-40E2-B2E9-78F0B3F9D9A9}.Debug|Any CPU.Build.0 = Debug|Any CPU
		{44F38132-B5DF-40E2-B2E9-78F0B3F9D9A9}.Release|Any CPU.ActiveCfg = Release|Any CPU
		{44F38132-B5DF-40E2-B2E9-78F0B3F9D9A9}.Release|Any CPU.Build.0 = Release|Any CPU
		{ADB0A980-23EE-4B6D-8761-A161617BFBFD}.Debug|Any CPU.ActiveCfg = Debug|Any CPU
		{ADB0A980-23EE-4B6D-8761-A161617BFBFD}.Debug|Any CPU.Build.0 = Debug|Any CPU
		{ADB0A980-23EE-4B6D-8761-A161617BFBFD}.Release|Any CPU.ActiveCfg = Release|Any CPU
		{ADB0A980-23EE-4B6D-8761-A161617BFBFD}.Release|Any CPU.Build.0 = Release|Any CPU
		{ED31E429-7A66-49E3-9841-DF207F26BBEA}.Debug|Any CPU.ActiveCfg = Debug|Any CPU
		{ED31E429-7A66-49E3-9841-DF207F26BBEA}.Debug|Any CPU.Build.0 = Debug|Any CPU
		{ED31E429-7A66-49E3-9841-DF207F26BBEA}.Release|Any CPU.ActiveCfg = Release|Any CPU
		{ED31E429-7A66-49E3-9841-DF207F26BBEA}.Release|Any CPU.Build.0 = Release|Any CPU
		{C61C319F-03A4-4765-AD08-1CEC616EC6BE}.Debug|Any CPU.ActiveCfg = Debug|Any CPU
		{C61C319F-03A4-4765-AD08-1CEC616EC6BE}.Debug|Any CPU.Build.0 = Debug|Any CPU
		{C61C319F-03A4-4765-AD08-1CEC616EC6BE}.Release|Any CPU.ActiveCfg = Release|Any CPU
		{C61C319F-03A4-4765-AD08-1CEC616EC6BE}.Release|Any CPU.Build.0 = Release|Any CPU
		{24EE431A-15BC-4B55-B6FD-8D1054FAEE4E}.Debug|Any CPU.ActiveCfg = Debug|Any CPU
		{24EE431A-15BC-4B55-B6FD-8D1054FAEE4E}.Debug|Any CPU.Build.0 = Debug|Any CPU
		{24EE431A-15BC-4B55-B6FD-8D1054FAEE4E}.Release|Any CPU.ActiveCfg = Release|Any CPU
		{24EE431A-15BC-4B55-B6FD-8D1054FAEE4E}.Release|Any CPU.Build.0 = Release|Any CPU
		{756F4547-C138-4956-94DA-173F5BD9CBDA}.Debug|Any CPU.ActiveCfg = Debug|Any CPU
		{756F4547-C138-4956-94DA-173F5BD9CBDA}.Debug|Any CPU.Build.0 = Debug|Any CPU
		{756F4547-C138-4956-94DA-173F5BD9CBDA}.Release|Any CPU.ActiveCfg = Release|Any CPU
		{756F4547-C138-4956-94DA-173F5BD9CBDA}.Release|Any CPU.Build.0 = Release|Any CPU
	EndGlobalSection
	GlobalSection(SolutionProperties) = preSolution
		HideSolutionNode = FALSE
	EndGlobalSection
	GlobalSection(NestedProjects) = preSolution
		{FF98BC89-B46B-48D0-B83C-38676F944D77} = {E2D707E4-685F-4384-8DFE-64559D3E8664}
		{E09DD31B-E4C9-4348-80CD-FA0A196E107F} = {E2D707E4-685F-4384-8DFE-64559D3E8664}
		{E3B58408-F56B-4A74-A172-B1C4D84E571E} = {E2D707E4-685F-4384-8DFE-64559D3E8664}
		{DBAF7720-68EF-484E-A2BF-5EE2334C8EAD} = {E2D707E4-685F-4384-8DFE-64559D3E8664}
		{C6D9735F-031E-4413-BFA2-2486CCB94CED} = {FF98BC89-B46B-48D0-B83C-38676F944D77}
		{1F4640B0-904E-4BB5-AFAE-A56606E38DE4} = {E3B58408-F56B-4A74-A172-B1C4D84E571E}
		{99D2766D-CF39-49A4-BEB9-CFA8387B74BC} = {DBAF7720-68EF-484E-A2BF-5EE2334C8EAD}
		{E8041BB3-829F-4B09-B2C7-80829256CEBE} = {E3B58408-F56B-4A74-A172-B1C4D84E571E}
		{EBF007F8-5D22-40DB-A41A-AC45C9ABDA89} = {E3B58408-F56B-4A74-A172-B1C4D84E571E}
		{398BDC65-DBFD-4733-A18F-F6DFD3130227} = {DBAF7720-68EF-484E-A2BF-5EE2334C8EAD}
		{0C7A1CA4-51BC-4E10-955C-9662ECEF07C5} = {DBAF7720-68EF-484E-A2BF-5EE2334C8EAD}
		{7C816222-E116-4371-B89F-F5486442ADB5} = {E09DD31B-E4C9-4348-80CD-FA0A196E107F}
		{103625FA-6572-4319-872C-230AE49C7F21} = {E09DD31B-E4C9-4348-80CD-FA0A196E107F}
		{926A9D66-0AC4-4DEF-8AAF-CC6578855C7F} = {0C9F2C6C-BE29-4463-90EB-AF70A0206F0B}
		{66623897-E827-4301-BABA-334EAC7F6BB7} = {0C9F2C6C-BE29-4463-90EB-AF70A0206F0B}
		{5AFD32E6-CDEF-41F4-AE82-4A02FFCF5D68} = {0C9F2C6C-BE29-4463-90EB-AF70A0206F0B}
		{F0D7E560-F544-4837-9EFF-11892E58EAD7} = {0C9F2C6C-BE29-4463-90EB-AF70A0206F0B}
		{F05AD06D-42C5-4040-883F-187C728465BD} = {0C9F2C6C-BE29-4463-90EB-AF70A0206F0B}
		{44F38132-B5DF-40E2-B2E9-78F0B3F9D9A9} = {926A9D66-0AC4-4DEF-8AAF-CC6578855C7F}
		{ADB0A980-23EE-4B6D-8761-A161617BFBFD} = {F05AD06D-42C5-4040-883F-187C728465BD}
		{ED31E429-7A66-49E3-9841-DF207F26BBEA} = {66623897-E827-4301-BABA-334EAC7F6BB7}
		{C61C319F-03A4-4765-AD08-1CEC616EC6BE} = {66623897-E827-4301-BABA-334EAC7F6BB7}
		{24EE431A-15BC-4B55-B6FD-8D1054FAEE4E} = {5AFD32E6-CDEF-41F4-AE82-4A02FFCF5D68}
		{756F4547-C138-4956-94DA-173F5BD9CBDA} = {5AFD32E6-CDEF-41F4-AE82-4A02FFCF5D68}
	EndGlobalSection
	GlobalSection(ExtensibilityGlobals) = postSolution
		SolutionGuid = {EDCF2B16-4DE7-45CE-9502-32FC23551589}
	EndGlobalSection
EndGlobal
